
Microsoft Visual Studio Solution File, Format Version 12.00
# Visual Studio Version 17
VisualStudioVersion = 17.9.34622.214
MinimumVisualStudioVersion = 10.0.40219.1
Project("{FAE04EC0-301F-11D3-BF4B-00C04F79EFBC}") = "QuickNote+", "QuickNote+.csproj", "{920C2D4B-14F7-4CD4-AE4C-D056D656F6C9}"
EndProject
Global
	GlobalSection(SolutionConfigurationPlatforms) = preSolution
		Debug|Any CPU = Debug|Any CPU
		Release|Any CPU = Release|Any CPU
	EndGlobalSection
	GlobalSection(ProjectConfigurationPlatforms) = postSolution
		{920C2D4B-14F7-4CD4-AE4C-D056D656F6C9}.Debug|Any CPU.ActiveCfg = Debug|Any CPU
		{920C2D4B-14F7-4CD4-AE4C-D056D656F6C9}.Debug|Any CPU.Build.0 = Debug|Any CPU
		{920C2D4B-14F7-4CD4-AE4C-D056D656F6C9}.Release|Any CPU.ActiveCfg = Release|Any CPU
		{920C2D4B-14F7-4CD4-AE4C-D056D656F6C9}.Release|Any CPU.Build.0 = Release|Any CPU
	EndGlobalSection
	GlobalSection(SolutionProperties) = preSolution
		HideSolutionNode = FALSE
	EndGlobalSection
	GlobalSection(ExtensibilityGlobals) = postSolution
		SolutionGuid = {E84EDB6C-A955-4224-99D9-E7382A640D4A}
	EndGlobalSection
EndGlobal
