
Microsoft Visual Studio Solution File, Format Version 12.00
# Visual Studio Version 17
VisualStudioVersion = 17.9.34701.34
MinimumVisualStudioVersion = 10.0.40219.1
Project("{FAE04EC0-301F-11D3-BF4B-00C04F79EFBC}") = "ConsoleCalc", "ConsoleCalc.csproj", "{3083186B-00DA-4E48-AD39-ED754DDB2BFE}"
EndProject
Global
	GlobalSection(SolutionConfigurationPlatforms) = preSolution
		Debug|Any CPU = Debug|Any CPU
		Release|Any CPU = Release|Any CPU
	EndGlobalSection
	GlobalSection(ProjectConfigurationPlatforms) = postSolution
		{3083186B-00DA-4E48-AD39-ED754DDB2BFE}.Debug|Any CPU.ActiveCfg = Debug|Any CPU
		{3083186B-00DA-4E48-AD39-ED754DDB2BFE}.Debug|Any CPU.Build.0 = Debug|Any CPU
		{3083186B-00DA-4E48-AD39-ED754DDB2BFE}.Release|Any CPU.ActiveCfg = Release|Any CPU
		{3083186B-00DA-4E48-AD39-ED754DDB2BFE}.Release|Any CPU.Build.0 = Release|Any CPU
	EndGlobalSection
	GlobalSection(SolutionProperties) = preSolution
		HideSolutionNode = FALSE
	EndGlobalSection
	GlobalSection(ExtensibilityGlobals) = postSolution
		SolutionGuid = {6506F171-5BF7-40FC-80EF-03832C5B48FD}
	EndGlobalSection
EndGlobal
